
Microsoft Visual Studio Solution File, Format Version 12.00
# Visual Studio Version 16
VisualStudioVersion = 16.0.30114.105
MinimumVisualStudioVersion = 10.0.40219.1
Project("{FAE04EC0-301F-11D3-BF4B-00C04F79EFBC}") = "SynthizerSharp", "SynthizerSharp\SynthizerSharp.csproj", "{2281BA11-81A3-4A50-BC78-00D06948677F}"
EndProject
Project("{FAE04EC0-301F-11D3-BF4B-00C04F79EFBC}") = "SynthizerSharp.Tests", "SynthizerSharp.Tests\SynthizerSharp.Tests.csproj", "{FA113D3E-E466-4FFD-8DAB-426A87445487}"
EndProject
Global
	GlobalSection(SolutionConfigurationPlatforms) = preSolution
		Debug|Any CPU = Debug|Any CPU
		Release|Any CPU = Release|Any CPU
	EndGlobalSection
	GlobalSection(SolutionProperties) = preSolution
		HideSolutionNode = FALSE
	EndGlobalSection
	GlobalSection(ProjectConfigurationPlatforms) = postSolution
		{2281BA11-81A3-4A50-BC78-00D06948677F}.Debug|Any CPU.ActiveCfg = Debug|Any CPU
		{2281BA11-81A3-4A50-BC78-00D06948677F}.Debug|Any CPU.Build.0 = Debug|Any CPU
		{2281BA11-81A3-4A50-BC78-00D06948677F}.Release|Any CPU.ActiveCfg = Release|Any CPU
		{2281BA11-81A3-4A50-BC78-00D06948677F}.Release|Any CPU.Build.0 = Release|Any CPU
		{FA113D3E-E466-4FFD-8DAB-426A87445487}.Debug|Any CPU.ActiveCfg = Debug|Any CPU
		{FA113D3E-E466-4FFD-8DAB-426A87445487}.Debug|Any CPU.Build.0 = Debug|Any CPU
		{FA113D3E-E466-4FFD-8DAB-426A87445487}.Release|Any CPU.ActiveCfg = Release|Any CPU
		{FA113D3E-E466-4FFD-8DAB-426A87445487}.Release|Any CPU.Build.0 = Release|Any CPU
	EndGlobalSection
EndGlobal
